
Microsoft Visual Studio Solution File, Format Version 11.00
# Visual Studio 2010
Project("{FAE04EC0-301F-11D3-BF4B-00C04F79EFBC}") = "ChaosShardsBeta1.0", "Assembly-CSharp-firstpass.csproj", "{01B6A60D-2E08-7733-BC89-82629ADB758D}"
EndProject
Project("{FAE04EC0-301F-11D3-BF4B-00C04F79EFBC}") = "ChaosShardsBeta1.0", "Assembly-CSharp.csproj", "{DB8A9D90-744C-B7DA-8B7E-83B9DBA4B8E8}"
EndProject
Global
	GlobalSection(SolutionConfigurationPlatforms) = preSolution
		Debug|Any CPU = Debug|Any CPU
		Release|Any CPU = Release|Any CPU
	EndGlobalSection
	GlobalSection(ProjectConfigurationPlatforms) = postSolution
		{01B6A60D-2E08-7733-BC89-82629ADB758D}.Debug|Any CPU.ActiveCfg = Debug|Any CPU
		{01B6A60D-2E08-7733-BC89-82629ADB758D}.Debug|Any CPU.Build.0 = Debug|Any CPU
		{01B6A60D-2E08-7733-BC89-82629ADB758D}.Release|Any CPU.ActiveCfg = Release|Any CPU
		{01B6A60D-2E08-7733-BC89-82629ADB758D}.Release|Any CPU.Build.0 = Release|Any CPU
		{DB8A9D90-744C-B7DA-8B7E-83B9DBA4B8E8}.Debug|Any CPU.ActiveCfg = Debug|Any CPU
		{DB8A9D90-744C-B7DA-8B7E-83B9DBA4B8E8}.Debug|Any CPU.Build.0 = Debug|Any CPU
		{DB8A9D90-744C-B7DA-8B7E-83B9DBA4B8E8}.Release|Any CPU.ActiveCfg = Release|Any CPU
		{DB8A9D90-744C-B7DA-8B7E-83B9DBA4B8E8}.Release|Any CPU.Build.0 = Release|Any CPU
	EndGlobalSection
	GlobalSection(SolutionProperties) = preSolution
		HideSolutionNode = FALSE
	EndGlobalSection
	GlobalSection(MonoDevelopProperties) = preSolution
		StartupItem = Assembly-CSharp.csproj
	EndGlobalSection
EndGlobal
