
Microsoft Visual Studio Solution File, Format Version 12.00
# Visual Studio 15
Project("{FAE04EC0-301F-11D3-BF4B-00C04F79EFBC}") = "talk_and_battle_4.0.Plugins", "talk_and_battle_4.0.Plugins.csproj", "{D7622AD0-0276-CEE8-8C61-CE26CDCEE086}"
EndProject
Project("{FAE04EC0-301F-11D3-BF4B-00C04F79EFBC}") = "talk_and_battle_4.0", "talk_and_battle_4.0.csproj", "{796E48C7-0E98-918C-53E0-642948FF9542}"
EndProject
Global
	GlobalSection(SolutionConfigurationPlatforms) = preSolution
		Debug|Any CPU = Debug|Any CPU
		Release|Any CPU = Release|Any CPU
	EndGlobalSection
	GlobalSection(ProjectConfigurationPlatforms) = postSolution
		{D7622AD0-0276-CEE8-8C61-CE26CDCEE086}.Debug|Any CPU.ActiveCfg = Debug|Any CPU
		{D7622AD0-0276-CEE8-8C61-CE26CDCEE086}.Debug|Any CPU.Build.0 = Debug|Any CPU
		{D7622AD0-0276-CEE8-8C61-CE26CDCEE086}.Release|Any CPU.ActiveCfg = Release|Any CPU
		{D7622AD0-0276-CEE8-8C61-CE26CDCEE086}.Release|Any CPU.Build.0 = Release|Any CPU
		{796E48C7-0E98-918C-53E0-642948FF9542}.Debug|Any CPU.ActiveCfg = Debug|Any CPU
		{796E48C7-0E98-918C-53E0-642948FF9542}.Debug|Any CPU.Build.0 = Debug|Any CPU
		{796E48C7-0E98-918C-53E0-642948FF9542}.Release|Any CPU.ActiveCfg = Release|Any CPU
		{796E48C7-0E98-918C-53E0-642948FF9542}.Release|Any CPU.Build.0 = Release|Any CPU
	EndGlobalSection
	GlobalSection(SolutionProperties) = preSolution
		HideSolutionNode = FALSE
	EndGlobalSection
EndGlobal
