
Microsoft Visual Studio Solution File, Format Version 11.00
# Visual Studio 2010
Project("{FAE04EC0-301F-11D3-BF4B-00C04F79EFBC}") = "talk_and_battle_1.0", "Assembly-CSharp-firstpass.csproj", "{D6192AFA-23BB-F868-E089-CAA41D78E178}"
EndProject
Project("{FAE04EC0-301F-11D3-BF4B-00C04F79EFBC}") = "talk_and_battle_1.0", "Assembly-CSharp.csproj", "{9ADEC5CD-8410-9315-31A7-9725686F42BC}"
EndProject
Global
	GlobalSection(SolutionConfigurationPlatforms) = preSolution
		Debug|Any CPU = Debug|Any CPU
		Release|Any CPU = Release|Any CPU
	EndGlobalSection
	GlobalSection(ProjectConfigurationPlatforms) = postSolution
		{D6192AFA-23BB-F868-E089-CAA41D78E178}.Debug|Any CPU.ActiveCfg = Debug|Any CPU
		{D6192AFA-23BB-F868-E089-CAA41D78E178}.Debug|Any CPU.Build.0 = Debug|Any CPU
		{D6192AFA-23BB-F868-E089-CAA41D78E178}.Release|Any CPU.ActiveCfg = Release|Any CPU
		{D6192AFA-23BB-F868-E089-CAA41D78E178}.Release|Any CPU.Build.0 = Release|Any CPU
		{9ADEC5CD-8410-9315-31A7-9725686F42BC}.Debug|Any CPU.ActiveCfg = Debug|Any CPU
		{9ADEC5CD-8410-9315-31A7-9725686F42BC}.Debug|Any CPU.Build.0 = Debug|Any CPU
		{9ADEC5CD-8410-9315-31A7-9725686F42BC}.Release|Any CPU.ActiveCfg = Release|Any CPU
		{9ADEC5CD-8410-9315-31A7-9725686F42BC}.Release|Any CPU.Build.0 = Release|Any CPU
	EndGlobalSection
	GlobalSection(SolutionProperties) = preSolution
		HideSolutionNode = FALSE
	EndGlobalSection
	GlobalSection(MonoDevelopProperties) = preSolution
		StartupItem = Assembly-CSharp.csproj
	EndGlobalSection
EndGlobal
