
Microsoft Visual Studio Solution File, Format Version 11.00
# Visual Studio 2010
Project("{FAE04EC0-301F-11D3-BF4B-00C04F79EFBC}") = "talk_and_battle_5.0", "Assembly-CSharp-firstpass.csproj", "{0BFE6194-A8E9-6279-5546-E449C49F4675}"
EndProject
Project("{FAE04EC0-301F-11D3-BF4B-00C04F79EFBC}") = "talk_and_battle_5.0", "Assembly-CSharp.csproj", "{8940DBB1-7F38-568E-BD4D-3B46510AEB35}"
EndProject
Global
	GlobalSection(SolutionConfigurationPlatforms) = preSolution
		Debug|Any CPU = Debug|Any CPU
		Release|Any CPU = Release|Any CPU
	EndGlobalSection
	GlobalSection(ProjectConfigurationPlatforms) = postSolution
		{0BFE6194-A8E9-6279-5546-E449C49F4675}.Debug|Any CPU.ActiveCfg = Debug|Any CPU
		{0BFE6194-A8E9-6279-5546-E449C49F4675}.Debug|Any CPU.Build.0 = Debug|Any CPU
		{0BFE6194-A8E9-6279-5546-E449C49F4675}.Release|Any CPU.ActiveCfg = Release|Any CPU
		{0BFE6194-A8E9-6279-5546-E449C49F4675}.Release|Any CPU.Build.0 = Release|Any CPU
		{8940DBB1-7F38-568E-BD4D-3B46510AEB35}.Debug|Any CPU.ActiveCfg = Debug|Any CPU
		{8940DBB1-7F38-568E-BD4D-3B46510AEB35}.Debug|Any CPU.Build.0 = Debug|Any CPU
		{8940DBB1-7F38-568E-BD4D-3B46510AEB35}.Release|Any CPU.ActiveCfg = Release|Any CPU
		{8940DBB1-7F38-568E-BD4D-3B46510AEB35}.Release|Any CPU.Build.0 = Release|Any CPU
	EndGlobalSection
	GlobalSection(SolutionProperties) = preSolution
		HideSolutionNode = FALSE
	EndGlobalSection
	GlobalSection(MonoDevelopProperties) = preSolution
		StartupItem = Assembly-CSharp.csproj
	EndGlobalSection
EndGlobal
