
Microsoft Visual Studio Solution File, Format Version 11.00
# Visual Studio 2010
Project("{FAE04EC0-301F-11D3-BF4B-00C04F79EFBC}") = "gameVer5_DEMO", "Assembly-CSharp-firstpass.csproj", "{51262294-2900-E85D-2830-72B6DFD4E59B}"
EndProject
Project("{FAE04EC0-301F-11D3-BF4B-00C04F79EFBC}") = "gameVer5_DEMO", "Assembly-CSharp.csproj", "{0E3579D8-7A4D-8245-0135-118B4FBF6813}"
EndProject
Global
	GlobalSection(SolutionConfigurationPlatforms) = preSolution
		Debug|Any CPU = Debug|Any CPU
		Release|Any CPU = Release|Any CPU
	EndGlobalSection
	GlobalSection(ProjectConfigurationPlatforms) = postSolution
		{51262294-2900-E85D-2830-72B6DFD4E59B}.Debug|Any CPU.ActiveCfg = Debug|Any CPU
		{51262294-2900-E85D-2830-72B6DFD4E59B}.Debug|Any CPU.Build.0 = Debug|Any CPU
		{51262294-2900-E85D-2830-72B6DFD4E59B}.Release|Any CPU.ActiveCfg = Release|Any CPU
		{51262294-2900-E85D-2830-72B6DFD4E59B}.Release|Any CPU.Build.0 = Release|Any CPU
		{0E3579D8-7A4D-8245-0135-118B4FBF6813}.Debug|Any CPU.ActiveCfg = Debug|Any CPU
		{0E3579D8-7A4D-8245-0135-118B4FBF6813}.Debug|Any CPU.Build.0 = Debug|Any CPU
		{0E3579D8-7A4D-8245-0135-118B4FBF6813}.Release|Any CPU.ActiveCfg = Release|Any CPU
		{0E3579D8-7A4D-8245-0135-118B4FBF6813}.Release|Any CPU.Build.0 = Release|Any CPU
	EndGlobalSection
	GlobalSection(SolutionProperties) = preSolution
		HideSolutionNode = FALSE
	EndGlobalSection
	GlobalSection(MonoDevelopProperties) = preSolution
		StartupItem = Assembly-CSharp.csproj
	EndGlobalSection
EndGlobal
