
Microsoft Visual Studio Solution File, Format Version 11.00
# Visual Studio 2010
Project("{FAE04EC0-301F-11D3-BF4B-00C04F79EFBC}") = "gameVer4", "Assembly-CSharp-firstpass.csproj", "{A9DABE2A-F295-747E-D653-730556799201}"
EndProject
Project("{FAE04EC0-301F-11D3-BF4B-00C04F79EFBC}") = "gameVer4", "Assembly-CSharp.csproj", "{A516EE9C-BA3F-CB25-BDB0-72D718853E9A}"
EndProject
Global
	GlobalSection(SolutionConfigurationPlatforms) = preSolution
		Debug|Any CPU = Debug|Any CPU
		Release|Any CPU = Release|Any CPU
	EndGlobalSection
	GlobalSection(ProjectConfigurationPlatforms) = postSolution
		{A9DABE2A-F295-747E-D653-730556799201}.Debug|Any CPU.ActiveCfg = Debug|Any CPU
		{A9DABE2A-F295-747E-D653-730556799201}.Debug|Any CPU.Build.0 = Debug|Any CPU
		{A9DABE2A-F295-747E-D653-730556799201}.Release|Any CPU.ActiveCfg = Release|Any CPU
		{A9DABE2A-F295-747E-D653-730556799201}.Release|Any CPU.Build.0 = Release|Any CPU
		{A516EE9C-BA3F-CB25-BDB0-72D718853E9A}.Debug|Any CPU.ActiveCfg = Debug|Any CPU
		{A516EE9C-BA3F-CB25-BDB0-72D718853E9A}.Debug|Any CPU.Build.0 = Debug|Any CPU
		{A516EE9C-BA3F-CB25-BDB0-72D718853E9A}.Release|Any CPU.ActiveCfg = Release|Any CPU
		{A516EE9C-BA3F-CB25-BDB0-72D718853E9A}.Release|Any CPU.Build.0 = Release|Any CPU
	EndGlobalSection
	GlobalSection(SolutionProperties) = preSolution
		HideSolutionNode = FALSE
	EndGlobalSection
	GlobalSection(MonoDevelopProperties) = preSolution
		StartupItem = Assembly-CSharp.csproj
	EndGlobalSection
EndGlobal
