
Microsoft Visual Studio Solution File, Format Version 11.00
# Visual Studio 2010
Project("{FAE04EC0-301F-11D3-BF4B-00C04F79EFBC}") = "main", "Assembly-CSharp-firstpass.csproj", "{2F3C067C-545D-D542-1B92-5E59C540E1ED}"
EndProject
Project("{FAE04EC0-301F-11D3-BF4B-00C04F79EFBC}") = "main", "Assembly-CSharp.csproj", "{D51DBFA1-EA56-AAD3-3091-664BCCBB9AFB}"
EndProject
Global
	GlobalSection(SolutionConfigurationPlatforms) = preSolution
		Debug|Any CPU = Debug|Any CPU
		Release|Any CPU = Release|Any CPU
	EndGlobalSection
	GlobalSection(ProjectConfigurationPlatforms) = postSolution
		{2F3C067C-545D-D542-1B92-5E59C540E1ED}.Debug|Any CPU.ActiveCfg = Debug|Any CPU
		{2F3C067C-545D-D542-1B92-5E59C540E1ED}.Debug|Any CPU.Build.0 = Debug|Any CPU
		{2F3C067C-545D-D542-1B92-5E59C540E1ED}.Release|Any CPU.ActiveCfg = Release|Any CPU
		{2F3C067C-545D-D542-1B92-5E59C540E1ED}.Release|Any CPU.Build.0 = Release|Any CPU
		{D51DBFA1-EA56-AAD3-3091-664BCCBB9AFB}.Debug|Any CPU.ActiveCfg = Debug|Any CPU
		{D51DBFA1-EA56-AAD3-3091-664BCCBB9AFB}.Debug|Any CPU.Build.0 = Debug|Any CPU
		{D51DBFA1-EA56-AAD3-3091-664BCCBB9AFB}.Release|Any CPU.ActiveCfg = Release|Any CPU
		{D51DBFA1-EA56-AAD3-3091-664BCCBB9AFB}.Release|Any CPU.Build.0 = Release|Any CPU
	EndGlobalSection
	GlobalSection(SolutionProperties) = preSolution
		HideSolutionNode = FALSE
	EndGlobalSection
	GlobalSection(MonoDevelopProperties) = preSolution
		StartupItem = Assembly-CSharp.csproj
	EndGlobalSection
EndGlobal
